
Microsoft Visual Studio Solution File, Format Version 12.00
# Visual Studio 15
Project("{FAE04EC0-301F-11D3-BF4B-00C04F79EFBC}") = "Lyser.Android", "Lyser.Android\Lyser.Android.csproj", "{B95AE3D4-788F-4531-B8B3-EC46CAE9CAAC}"
EndProject
Project("{FAE04EC0-301F-11D3-BF4B-00C04F79EFBC}") = "Lyser.iOS", "Lyser.iOS\Lyser.iOS.csproj", "{45804685-AF8D-42D1-8E1D-2A7FAE21BCC2}"
EndProject
Project("{FAE04EC0-301F-11D3-BF4B-00C04F79EFBC}") = "Lyser.UITests", "Lyser.UITests\Lyser.UITests.csproj", "{B19C892E-2628-4CA7-AD27-08D406A3B14B}"
EndProject
Project("{FAE04EC0-301F-11D3-BF4B-00C04F79EFBC}") = "Lyser", "Lyser\Lyser.csproj", "{EAC36DA3-2A00-442E-8C61-499708BB6F96}"
EndProject
Global
	GlobalSection(SolutionConfigurationPlatforms) = preSolution
		Debug|Any CPU = Debug|Any CPU
		Release|Any CPU = Release|Any CPU
		Debug|iPhoneSimulator = Debug|iPhoneSimulator
		Release|iPhoneSimulator = Release|iPhoneSimulator
		Debug|iPhone = Debug|iPhone
		Release|iPhone = Release|iPhone
		Ad-Hoc|iPhone = Ad-Hoc|iPhone
		AppStore|iPhone = AppStore|iPhone
	EndGlobalSection
	GlobalSection(ProjectConfigurationPlatforms) = postSolution
		{B95AE3D4-788F-4531-B8B3-EC46CAE9CAAC}.Debug|Any CPU.ActiveCfg = Debug|Any CPU
		{B95AE3D4-788F-4531-B8B3-EC46CAE9CAAC}.Debug|Any CPU.Build.0 = Debug|Any CPU
		{B95AE3D4-788F-4531-B8B3-EC46CAE9CAAC}.Release|Any CPU.ActiveCfg = Release|Any CPU
		{B95AE3D4-788F-4531-B8B3-EC46CAE9CAAC}.Release|Any CPU.Build.0 = Release|Any CPU
		{B95AE3D4-788F-4531-B8B3-EC46CAE9CAAC}.Debug|iPhoneSimulator.ActiveCfg = Debug|Any CPU
		{B95AE3D4-788F-4531-B8B3-EC46CAE9CAAC}.Debug|iPhoneSimulator.Build.0 = Debug|Any CPU
		{B95AE3D4-788F-4531-B8B3-EC46CAE9CAAC}.Release|iPhoneSimulator.ActiveCfg = Release|Any CPU
		{B95AE3D4-788F-4531-B8B3-EC46CAE9CAAC}.Release|iPhoneSimulator.Build.0 = Release|Any CPU
		{B95AE3D4-788F-4531-B8B3-EC46CAE9CAAC}.Debug|iPhone.ActiveCfg = Debug|Any CPU
		{B95AE3D4-788F-4531-B8B3-EC46CAE9CAAC}.Debug|iPhone.Build.0 = Debug|Any CPU
		{B95AE3D4-788F-4531-B8B3-EC46CAE9CAAC}.Release|iPhone.ActiveCfg = Release|Any CPU
		{B95AE3D4-788F-4531-B8B3-EC46CAE9CAAC}.Release|iPhone.Build.0 = Release|Any CPU
		{B95AE3D4-788F-4531-B8B3-EC46CAE9CAAC}.Ad-Hoc|iPhone.ActiveCfg = Debug|Any CPU
		{B95AE3D4-788F-4531-B8B3-EC46CAE9CAAC}.Ad-Hoc|iPhone.Build.0 = Debug|Any CPU
		{B95AE3D4-788F-4531-B8B3-EC46CAE9CAAC}.AppStore|iPhone.ActiveCfg = Debug|Any CPU
		{B95AE3D4-788F-4531-B8B3-EC46CAE9CAAC}.AppStore|iPhone.Build.0 = Debug|Any CPU
		{45804685-AF8D-42D1-8E1D-2A7FAE21BCC2}.Debug|Any CPU.ActiveCfg = Debug|iPhoneSimulator
		{45804685-AF8D-42D1-8E1D-2A7FAE21BCC2}.Debug|Any CPU.Build.0 = Debug|iPhoneSimulator
		{45804685-AF8D-42D1-8E1D-2A7FAE21BCC2}.Release|Any CPU.ActiveCfg = Release|iPhoneSimulator
		{45804685-AF8D-42D1-8E1D-2A7FAE21BCC2}.Release|Any CPU.Build.0 = Release|iPhoneSimulator
		{45804685-AF8D-42D1-8E1D-2A7FAE21BCC2}.Debug|iPhoneSimulator.ActiveCfg = Debug|iPhoneSimulator
		{45804685-AF8D-42D1-8E1D-2A7FAE21BCC2}.Debug|iPhoneSimulator.Build.0 = Debug|iPhoneSimulator
		{45804685-AF8D-42D1-8E1D-2A7FAE21BCC2}.Release|iPhoneSimulator.ActiveCfg = Release|iPhoneSimulator
		{45804685-AF8D-42D1-8E1D-2A7FAE21BCC2}.Release|iPhoneSimulator.Build.0 = Release|iPhoneSimulator
		{45804685-AF8D-42D1-8E1D-2A7FAE21BCC2}.Debug|iPhone.ActiveCfg = Debug|iPhone
		{45804685-AF8D-42D1-8E1D-2A7FAE21BCC2}.Debug|iPhone.Build.0 = Debug|iPhone
		{45804685-AF8D-42D1-8E1D-2A7FAE21BCC2}.Release|iPhone.ActiveCfg = Release|iPhone
		{45804685-AF8D-42D1-8E1D-2A7FAE21BCC2}.Release|iPhone.Build.0 = Release|iPhone
		{45804685-AF8D-42D1-8E1D-2A7FAE21BCC2}.Ad-Hoc|iPhone.ActiveCfg = Ad-Hoc|iPhone
		{45804685-AF8D-42D1-8E1D-2A7FAE21BCC2}.Ad-Hoc|iPhone.Build.0 = Ad-Hoc|iPhone
		{45804685-AF8D-42D1-8E1D-2A7FAE21BCC2}.AppStore|iPhone.ActiveCfg = AppStore|iPhone
		{45804685-AF8D-42D1-8E1D-2A7FAE21BCC2}.AppStore|iPhone.Build.0 = AppStore|iPhone
		{B19C892E-2628-4CA7-AD27-08D406A3B14B}.Debug|Any CPU.ActiveCfg = Debug|Any CPU
		{B19C892E-2628-4CA7-AD27-08D406A3B14B}.Debug|Any CPU.Build.0 = Debug|Any CPU
		{B19C892E-2628-4CA7-AD27-08D406A3B14B}.Release|Any CPU.ActiveCfg = Release|Any CPU
		{B19C892E-2628-4CA7-AD27-08D406A3B14B}.Release|Any CPU.Build.0 = Release|Any CPU
		{B19C892E-2628-4CA7-AD27-08D406A3B14B}.Debug|iPhoneSimulator.ActiveCfg = Debug|Any CPU
		{B19C892E-2628-4CA7-AD27-08D406A3B14B}.Debug|iPhoneSimulator.Build.0 = Debug|Any CPU
		{B19C892E-2628-4CA7-AD27-08D406A3B14B}.Release|iPhoneSimulator.ActiveCfg = Release|Any CPU
		{B19C892E-2628-4CA7-AD27-08D406A3B14B}.Release|iPhoneSimulator.Build.0 = Release|Any CPU
		{B19C892E-2628-4CA7-AD27-08D406A3B14B}.Debug|iPhone.ActiveCfg = Debug|Any CPU
		{B19C892E-2628-4CA7-AD27-08D406A3B14B}.Debug|iPhone.Build.0 = Debug|Any CPU
		{B19C892E-2628-4CA7-AD27-08D406A3B14B}.Release|iPhone.ActiveCfg = Release|Any CPU
		{B19C892E-2628-4CA7-AD27-08D406A3B14B}.Release|iPhone.Build.0 = Release|Any CPU
		{B19C892E-2628-4CA7-AD27-08D406A3B14B}.Ad-Hoc|iPhone.ActiveCfg = Debug|Any CPU
		{B19C892E-2628-4CA7-AD27-08D406A3B14B}.Ad-Hoc|iPhone.Build.0 = Debug|Any CPU
		{B19C892E-2628-4CA7-AD27-08D406A3B14B}.AppStore|iPhone.ActiveCfg = Debug|Any CPU
		{B19C892E-2628-4CA7-AD27-08D406A3B14B}.AppStore|iPhone.Build.0 = Debug|Any CPU
		{EAC36DA3-2A00-442E-8C61-499708BB6F96}.Debug|Any CPU.ActiveCfg = Debug|Any CPU
		{EAC36DA3-2A00-442E-8C61-499708BB6F96}.Debug|Any CPU.Build.0 = Debug|Any CPU
		{EAC36DA3-2A00-442E-8C61-499708BB6F96}.Release|Any CPU.ActiveCfg = Release|Any CPU
		{EAC36DA3-2A00-442E-8C61-499708BB6F96}.Release|Any CPU.Build.0 = Release|Any CPU
		{EAC36DA3-2A00-442E-8C61-499708BB6F96}.Debug|iPhoneSimulator.ActiveCfg = Debug|Any CPU
		{EAC36DA3-2A00-442E-8C61-499708BB6F96}.Debug|iPhoneSimulator.Build.0 = Debug|Any CPU
		{EAC36DA3-2A00-442E-8C61-499708BB6F96}.Release|iPhoneSimulator.ActiveCfg = Release|Any CPU
		{EAC36DA3-2A00-442E-8C61-499708BB6F96}.Release|iPhoneSimulator.Build.0 = Release|Any CPU
		{EAC36DA3-2A00-442E-8C61-499708BB6F96}.Debug|iPhone.ActiveCfg = Debug|Any CPU
		{EAC36DA3-2A00-442E-8C61-499708BB6F96}.Debug|iPhone.Build.0 = Debug|Any CPU
		{EAC36DA3-2A00-442E-8C61-499708BB6F96}.Release|iPhone.ActiveCfg = Release|Any CPU
		{EAC36DA3-2A00-442E-8C61-499708BB6F96}.Release|iPhone.Build.0 = Release|Any CPU
		{EAC36DA3-2A00-442E-8C61-499708BB6F96}.Ad-Hoc|iPhone.ActiveCfg = Debug|Any CPU
		{EAC36DA3-2A00-442E-8C61-499708BB6F96}.Ad-Hoc|iPhone.Build.0 = Debug|Any CPU
		{EAC36DA3-2A00-442E-8C61-499708BB6F96}.AppStore|iPhone.ActiveCfg = Debug|Any CPU
		{EAC36DA3-2A00-442E-8C61-499708BB6F96}.AppStore|iPhone.Build.0 = Debug|Any CPU
	EndGlobalSection
EndGlobal
